
Microsoft Visual Studio Solution File, Format Version 12.00
# Visual Studio Version 17
VisualStudioVersion = 17.9.34607.119
MinimumVisualStudioVersion = 10.0.40219.1
Project("{9A19103F-16F7-4668-BE54-9A1E7A4F7556}") = "Nemesys", "Nemesys.csproj", "{2FE386DA-1FAE-4662-BD29-BD48A4F23704}"
EndProject
Global
	GlobalSection(SolutionConfigurationPlatforms) = preSolution
		Debug|Any CPU = Debug|Any CPU
		Release|Any CPU = Release|Any CPU
	EndGlobalSection
	GlobalSection(ProjectConfigurationPlatforms) = postSolution
		{2FE386DA-1FAE-4662-BD29-BD48A4F23704}.Debug|Any CPU.ActiveCfg = Debug|Any CPU
		{2FE386DA-1FAE-4662-BD29-BD48A4F23704}.Debug|Any CPU.Build.0 = Debug|Any CPU
		{2FE386DA-1FAE-4662-BD29-BD48A4F23704}.Release|Any CPU.ActiveCfg = Release|Any CPU
		{2FE386DA-1FAE-4662-BD29-BD48A4F23704}.Release|Any CPU.Build.0 = Release|Any CPU
	EndGlobalSection
	GlobalSection(SolutionProperties) = preSolution
		HideSolutionNode = FALSE
	EndGlobalSection
	GlobalSection(ExtensibilityGlobals) = postSolution
		SolutionGuid = {DB098F95-17A2-4952-96B6-90A669D0916C}
	EndGlobalSection
EndGlobal
